Microsoft Visual Studio Solution File, Format Version 12.00
# Visual Studio Version 17
VisualStudioVersion = 17.5.2.0
MinimumVisualStudioVersion = 10.0.40219.1
Project("{FAE04EC0-301F-11D3-BF4B-00C04F79EFBC}") = "CaseManagement", "CaseManagement.csproj", "{0C38E413-C98A-6824-14C0-D93BFBFEE175}"
EndProject
Global
	GlobalSection(SolutionConfigurationPlatforms) = preSolution
		Debug|Any CPU = Debug|Any CPU
		Release|Any CPU = Release|Any CPU
	EndGlobalSection
	GlobalSection(ProjectConfigurationPlatforms) = postSolution
		{0C38E413-C98A-6824-14C0-D93BFBFEE175}.Debug|Any CPU.ActiveCfg = Debug|Any CPU
		{0C38E413-C98A-6824-14C0-D93BFBFEE175}.Debug|Any CPU.Build.0 = Debug|Any CPU
		{0C38E413-C98A-6824-14C0-D93BFBFEE175}.Release|Any CPU.ActiveCfg = Release|Any CPU
		{0C38E413-C98A-6824-14C0-D93BFBFEE175}.Release|Any CPU.Build.0 = Release|Any CPU
	EndGlobalSection
	GlobalSection(SolutionProperties) = preSolution
		HideSolutionNode = FALSE
	EndGlobalSection
	GlobalSection(ExtensibilityGlobals) = postSolution
		SolutionGuid = {56270D23-8A96-471A-85FE-752337A7FB95}
	EndGlobalSection
EndGlobal
